
Microsoft Visual Studio Solution File, Format Version 12.00
# Visual Studio Version 16
VisualStudioVersion = 16.0.30804.86
MinimumVisualStudioVersion = 10.0.40219.1
Project("{FAE04EC0-301F-11D3-BF4B-00C04F79EFBC}") = "Bank", "Bank\Bank.csproj", "{911F95BE-D3C2-43D4-B984-E6FE5F5637E9}"
EndProject
Project("{FAE04EC0-301F-11D3-BF4B-00C04F79EFBC}") = "BankTests", "BankTests\BankTests.csproj", "{183EA57A-FD56-44AD-8E67-514303A74561}"
EndProject
Global
	GlobalSection(SolutionConfigurationPlatforms) = preSolution
		Debug|Any CPU = Debug|Any CPU
		Release|Any CPU = Release|Any CPU
	EndGlobalSection
	GlobalSection(ProjectConfigurationPlatforms) = postSolution
		{911F95BE-D3C2-43D4-B984-E6FE5F5637E9}.Debug|Any CPU.ActiveCfg = Debug|Any CPU
		{911F95BE-D3C2-43D4-B984-E6FE5F5637E9}.Debug|Any CPU.Build.0 = Debug|Any CPU
		{911F95BE-D3C2-43D4-B984-E6FE5F5637E9}.Release|Any CPU.ActiveCfg = Release|Any CPU
		{911F95BE-D3C2-43D4-B984-E6FE5F5637E9}.Release|Any CPU.Build.0 = Release|Any CPU
		{183EA57A-FD56-44AD-8E67-514303A74561}.Debug|Any CPU.ActiveCfg = Debug|Any CPU
		{183EA57A-FD56-44AD-8E67-514303A74561}.Debug|Any CPU.Build.0 = Debug|Any CPU
		{183EA57A-FD56-44AD-8E67-514303A74561}.Release|Any CPU.ActiveCfg = Release|Any CPU
		{183EA57A-FD56-44AD-8E67-514303A74561}.Release|Any CPU.Build.0 = Release|Any CPU
	EndGlobalSection
	GlobalSection(SolutionProperties) = preSolution
		HideSolutionNode = FALSE
	EndGlobalSection
	GlobalSection(ExtensibilityGlobals) = postSolution
		SolutionGuid = {9C70850B-A79F-4B96-89AD-B945A90748A7}
	EndGlobalSection
EndGlobal
